// !$*UTF8*$!
{
	archiveVersion = 1;
	classes = {
	};
	objectVersion = 77;
	objects = {

/* Begin PBXContainerItemProxy section */
		D4B5EE7E2E2E7D1C002C9E18 /* PBXContainerItemProxy */ = {
			isa = PBXContainerItemProxy;
			containerPortal = D4B5EE5F2E2E7D1B002C9E18 /* Project object */;
			proxyType = 1;
			remoteGlobalIDString = D4B5EE662E2E7D1B002C9E18;
			remoteInfo = "Inshorts Task";
		};
		D4B5EE882E2E7D1C002C9E18 /* PBXContainerItemProxy */ = {
			isa = PBXContainerItemProxy;
			containerPortal = D4B5EE5F2E2E7D1B002C9E18 /* Project object */;
			proxyType = 1;
			remoteGlobalIDString = D4B5EE662E2E7D1B002C9E18;
			remoteInfo = "Inshorts Task";
		};
/* End PBXContainerItemProxy section */

/* Begin PBXFileReference section */
		D4B5EE672E2E7D1B002C9E18 /* Inshorts Task.app */ = {isa = PBXFileReference; explicitFileType = wrapper.application; includeInIndex = 0; path = "Inshorts Task.app"; sourceTree = BUILT_PRODUCTS_DIR; };
		D4B5EE7D2E2E7D1C002C9E18 /* Inshorts TaskTests.xctest */ = {isa = PBXFileReference; explicitFileType = wrapper.cfbundle; includeInIndex = 0; path = "Inshorts TaskTests.xctest"; sourceTree = BUILT_PRODUCTS_DIR; };
		D4B5EE872E2E7D1C002C9E18 /* Inshorts TaskUITests.xctest */ = {isa = PBXFileReference; explicitFileType = wrapper.cfbundle; includeInIndex = 0; path = "Inshorts TaskUITests.xctest"; sourceTree = BUILT_PRODUCTS_DIR; };
/* End PBXFileReference section */

/* Begin PBXFileSystemSynchronizedBuildFileExceptionSet section */
		D4B5EE8F2E2E7D1C002C9E18 /* Exceptions for "Inshorts Task" folder in "Inshorts Task" target */ = {
			isa = PBXFileSystemSynchronizedBuildFileExceptionSet;
			membershipExceptions = (
				Info.plist,
			);
			target = D4B5EE662E2E7D1B002C9E18 /* Inshorts Task */;
		};
/* End PBXFileSystemSynchronizedBuildFileExceptionSet section */

/* Begin PBXFileSystemSynchronizedRootGroup section */
		D4B5EE692E2E7D1B002C9E18 /* Inshorts Task */ = {
			isa = PBXFileSystemSynchronizedRootGroup;
			exceptions = (
				D4B5EE8F2E2E7D1C002C9E18 /* Exceptions for "Inshorts Task" folder in "Inshorts Task" target */,
			);
			path = "Inshorts Task";
			sourceTree = "<group>";
		};
		D4B5EE802E2E7D1C002C9E18 /* Inshorts TaskTests */ = {
			isa = PBXFileSystemSynchronizedRootGroup;
			path = "Inshorts TaskTests";
			sourceTree = "<group>";
		};
		D4B5EE8A2E2E7D1C002C9E18 /* Inshorts TaskUITests */ = {
			isa = PBXFileSystemSynchronizedRootGroup;
			path = "Inshorts TaskUITests";
			sourceTree = "<group>";
		};
/* End PBXFileSystemSynchronizedRootGroup section */

/* Begin PBXFrameworksBuildPhase section */
		D4B5EE642E2E7D1B002C9E18 /* Frameworks */ = {
			isa = PBXFrameworksBuildPhase;
			buildActionMask = 2147483647;
			files = (
			);
			runOnlyForDeploymentPostprocessing = 0;
		};
		D4B5EE7A2E2E7D1C002C9E18 /* Frameworks */ = {
			isa = PBXFrameworksBuildPhase;
			buildActionMask = 2147483647;
			files = (
			);
			runOnlyForDeploymentPostprocessing = 0;
		};
		D4B5EE842E2E7D1C002C9E18 /* Frameworks */ = {
			isa = PBXFrameworksBuildPhase;
			buildActionMask = 2147483647;
			files = (
			);
			runOnlyForDeploymentPostprocessing = 0;
		};
/* End PBXFrameworksBuildPhase section */

/* Begin PBXGroup section */
		D4B5EE5E2E2E7D1A002C9E18 = {
			isa = PBXGroup;
			children = (
				D4B5EE692E2E7D1B002C9E18 /* Inshorts Task */,
				D4B5EE802E2E7D1C002C9E18 /* Inshorts TaskTests */,
				D4B5EE8A2E2E7D1C002C9E18 /* Inshorts TaskUITests */,
				D4B5EE682E2E7D1B002C9E18 /* Products */,
			);
			sourceTree = "<group>";
		};
		D4B5EE682E2E7D1B002C9E18 /* Products */ = {
			isa = PBXGroup;
			children = (
				D4B5EE672E2E7D1B002C9E18 /* Inshorts Task.app */,
				D4B5EE7D2E2E7D1C002C9E18 /* Inshorts TaskTests.xctest */,
				D4B5EE872E2E7D1C002C9E18 /* Inshorts TaskUITests.xctest */,
			);
			name = Products;
			sourceTree = "<group>";
		};
/* End PBXGroup section */

/* Begin PBXNativeTarget section */
		D4B5EE662E2E7D1B002C9E18 /* Inshorts Task */ = {
			isa = PBXNativeTarget;
			buildConfigurationList = D4B5EE902E2E7D1C002C9E18 /* Build configuration list for PBXNativeTarget "Inshorts Task" */;
			buildPhases = (
				D4B5EE632E2E7D1B002C9E18 /* Sources */,
				D4B5EE642E2E7D1B002C9E18 /* Frameworks */,
				D4B5EE652E2E7D1B002C9E18 /* Resources */,
			);
			buildRules = (
			);
			dependencies = (
			);
			fileSystemSynchronizedGroups = (
				D4B5EE692E2E7D1B002C9E18 /* Inshorts Task */,
			);
			name = "Inshorts Task";
			packageProductDependencies = (
			);
			productName = "Inshorts Task";
			productReference = D4B5EE672E2E7D1B002C9E18 /* Inshorts Task.app */;
			productType = "com.apple.product-type.application";
		};
		D4B5EE7C2E2E7D1C002C9E18 /* Inshorts TaskTests */ = {
			isa = PBXNativeTarget;
			buildConfigurationList = D4B5EE952E2E7D1C002C9E18 /* Build configuration list for PBXNativeTarget "Inshorts TaskTests" */;
			buildPhases = (
				D4B5EE792E2E7D1C002C9E18 /* Sources */,
				D4B5EE7A2E2E7D1C002C9E18 /* Frameworks */,
				D4B5EE7B2E2E7D1C002C9E18 /* Resources */,
			);
			buildRules = (
			);
			dependencies = (
				D4B5EE7F2E2E7D1C002C9E18 /* PBXTargetDependency */,
			);
			fileSystemSynchronizedGroups = (
				D4B5EE802E2E7D1C002C9E18 /* Inshorts TaskTests */,
			);
			name = "Inshorts TaskTests";
			packageProductDependencies = (
			);
			productName = "Inshorts TaskTests";
			productReference = D4B5EE7D2E2E7D1C002C9E18 /* Inshorts TaskTests.xctest */;
			productType = "com.apple.product-type.bundle.unit-test";
		};
		D4B5EE862E2E7D1C002C9E18 /* Inshorts TaskUITests */ = {
			isa = PBXNativeTarget;
			buildConfigurationList = D4B5EE982E2E7D1C002C9E18 /* Build configuration list for PBXNativeTarget "Inshorts TaskUITests" */;
			buildPhases = (
				D4B5EE832E2E7D1C002C9E18 /* Sources */,
				D4B5EE842E2E7D1C002C9E18 /* Frameworks */,
				D4B5EE852E2E7D1C002C9E18 /* Resources */,
			);
			buildRules = (
			);
			dependencies = (
				D4B5EE892E2E7D1C002C9E18 /* PBXTargetDependency */,
			);
			fileSystemSynchronizedGroups = (
				D4B5EE8A2E2E7D1C002C9E18 /* Inshorts TaskUITests */,
			);
			name = "Inshorts TaskUITests";
			packageProductDependencies = (
			);
			productName = "Inshorts TaskUITests";
			productReference = D4B5EE872E2E7D1C002C9E18 /* Inshorts TaskUITests.xctest */;
			productType = "com.apple.product-type.bundle.ui-testing";
		};
/* End PBXNativeTarget section */

/* Begin PBXProject section */
		D4B5EE5F2E2E7D1B002C9E18 /* Project object */ = {
			isa = PBXProject;
			attributes = {
				BuildIndependentTargetsInParallel = 1;
				LastSwiftUpdateCheck = 1600;
				LastUpgradeCheck = 1600;
				TargetAttributes = {
					D4B5EE662E2E7D1B002C9E18 = {
						CreatedOnToolsVersion = 16.0;
					};
					D4B5EE7C2E2E7D1C002C9E18 = {
						CreatedOnToolsVersion = 16.0;
						TestTargetID = D4B5EE662E2E7D1B002C9E18;
					};
					D4B5EE862E2E7D1C002C9E18 = {
						CreatedOnToolsVersion = 16.0;
						TestTargetID = D4B5EE662E2E7D1B002C9E18;
					};
				};
			};
			buildConfigurationList = D4B5EE622E2E7D1B002C9E18 /* Build configuration list for PBXProject "Inshorts Task" */;
			developmentRegion = en;
			hasScannedForEncodings = 0;
			knownRegions = (
				en,
				Base,
			);
			mainGroup = D4B5EE5E2E2E7D1A002C9E18;
			minimizedProjectReferenceProxies = 1;
			preferredProjectObjectVersion = 77;
			productRefGroup = D4B5EE682E2E7D1B002C9E18 /* Products */;
			projectDirPath = "";
			projectRoot = "";
			targets = (
				D4B5EE662E2E7D1B002C9E18 /* Inshorts Task */,
				D4B5EE7C2E2E7D1C002C9E18 /* Inshorts TaskTests */,
				D4B5EE862E2E7D1C002C9E18 /* Inshorts TaskUITests */,
			);
		};
/* End PBXProject section */

/* Begin PBXResourcesBuildPhase section */
		D4B5EE652E2E7D1B002C9E18 /* Resources */ = {
			isa = PBXResourcesBuildPhase;
			buildActionMask = 2147483647;
			files = (
			);
			runOnlyForDeploymentPostprocessing = 0;
		};
		D4B5EE7B2E2E7D1C002C9E18 /* Resources */ = {
			isa = PBXResourcesBuildPhase;
			buildActionMask = 2147483647;
			files = (
			);
			runOnlyForDeploymentPostprocessing = 0;
		};
		D4B5EE852E2E7D1C002C9E18 /* Resources */ = {
			isa = PBXResourcesBuildPhase;
			buildActionMask = 2147483647;
			files = (
			);
			runOnlyForDeploymentPostprocessing = 0;
		};
/* End PBXResourcesBuildPhase section */

/* Begin PBXSourcesBuildPhase section */
		D4B5EE632E2E7D1B002C9E18 /* Sources */ = {
			isa = PBXSourcesBuildPhase;
			buildActionMask = 2147483647;
			files = (
			);
			runOnlyForDeploymentPostprocessing = 0;
		};
		D4B5EE792E2E7D1C002C9E18 /* Sources */ = {
			isa = PBXSourcesBuildPhase;
			buildActionMask = 2147483647;
			files = (
			);
			runOnlyForDeploymentPostprocessing = 0;
		};
		D4B5EE832E2E7D1C002C9E18 /* Sources */ = {
			isa = PBXSourcesBuildPhase;
			buildActionMask = 2147483647;
			files = (
			);
			runOnlyForDeploymentPostprocessing = 0;
		};
/* End PBXSourcesBuildPhase section */

/* Begin PBXTargetDependency section */
		D4B5EE7F2E2E7D1C002C9E18 /* PBXTargetDependency */ = {
			isa = PBXTargetDependency;
			target = D4B5EE662E2E7D1B002C9E18 /* Inshorts Task */;
			targetProxy = D4B5EE7E2E2E7D1C002C9E18 /* PBXContainerItemProxy */;
		};
		D4B5EE892E2E7D1C002C9E18 /* PBXTargetDependency */ = {
			isa = PBXTargetDependency;
			target = D4B5EE662E2E7D1B002C9E18 /* Inshorts Task */;
			targetProxy = D4B5EE882E2E7D1C002C9E18 /* PBXContainerItemProxy */;
		};
/* End PBXTargetDependency section */

/* Begin XCBuildConfiguration section */
		D4B5EE912E2E7D1C002C9E18 /* Debug */ = {
			isa = XCBuildConfiguration;
			buildSettings = {
				ASSETCATALOG_COMPILER_APPICON_NAME = AppIcon;
				ASSETCATALOG_COMPILER_GLOBAL_ACCENT_COLOR_NAME = AccentColor;
				CODE_SIGN_STYLE = Automatic;
				CURRENT_PROJECT_VERSION = 1;
				GENERATE_INFOPLIST_FILE = YES;
				INFOPLIST_FILE = "Inshorts Task/Info.plist";
				INFOPLIST_KEY_UIApplicationSupportsIndirectInputEvents = YES;
				INFOPLIST_KEY_UILaunchStoryboardName = LaunchScreen;
				INFOPLIST_KEY_UIMainStoryboardFile = Main;
				INFOPLIST_KEY_UISupportedInterfaceOrientations_iPad = "UIInterfaceOrientationPortrait UIInterfaceOrientationPortraitUpsideDown UIInterfaceOrientationLandscapeLeft UIInterfaceOrientationLandscapeRight";
				INFOPLIST_KEY_UISupportedInterfaceOrientations_iPhone = "UIInterfaceOrientationPortrait UIInterfaceOrientationLandscapeLeft UIInterfaceOrientationLandscapeRight";
				LD_RUNPATH_SEARCH_PATHS = (
					"$(inherited)",
					"@executable_path/Frameworks",
				);
				MARKETING_VERSION = 1.0;
				PRODUCT_BUNDLE_IDENTIFIER = "com.rnapppushupdate.Inshorts-Task";
				PRODUCT_NAME = "$(TARGET_NAME)";
				SWIFT_EMIT_LOC_STRINGS = YES;
				SWIFT_VERSION = 5.0;
				TARGETED_DEVICE_FAMILY = "1,2";
			};
			name = Debug;
		};
		D4B5EE922E2E7D1C002C9E18 /* Release */ = {
			isa = XCBuildConfiguration;
			buildSettings = {
				ASSETCATALOG_COMPILER_APPICON_NAME = AppIcon;
				ASSETCATALOG_COMPILER_GLOBAL_ACCENT_COLOR_NAME = AccentColor;
				CODE_SIGN_STYLE = Automatic;
				CURRENT_PROJECT_VERSION = 1;
				GENERATE_INFOPLIST_FILE = YES;
				INFOPLIST_FILE = "Inshorts Task/Info.plist";
				INFOPLIST_KEY_UIApplicationSupportsIndirectInputEvents = YES;
				INFOPLIST_KEY_UILaunchStoryboardName = LaunchScreen;
				INFOPLIST_KEY_UIMainStoryboardFile = Main;
				INFOPLIST_KEY_UISupportedInterfaceOrientations_iPad = "UIInterfaceOrientationPortrait UIInterfaceOrientationPortraitUpsideDown UIInterfaceOrientationLandscapeLeft UIInterfaceOrientationLandscapeRight";
				INFOPLIST_KEY_UISupportedInterfaceOrientations_iPhone = "UIInterfaceOrientationPortrait UIInterfaceOrientationLandscapeLeft UIInterfaceOrientationLandscapeRight";
				LD_RUNPATH_SEARCH_PATHS = (
					"$(inherited)",
					"@executable_path/Frameworks",
				);
				MARKETING_VERSION = 1.0;
				PRODUCT_BUNDLE_IDENTIFIER = "com.rnapppushupdate.Inshorts-Task";
				PRODUCT_NAME = "$(TARGET_NAME)";
				SWIFT_EMIT_LOC_STRINGS = YES;
				SWIFT_VERSION = 5.0;
				TARGETED_DEVICE_FAMILY = "1,2";
			};
			name = Release;
		};
		D4B5EE932E2E7D1C002C9E18 /* Debug */ = {
			isa = XCBuildConfiguration;
			buildSettings = {
				ALWAYS_SEARCH_USER_PATHS = NO;
				ASSETCATALOG_COMPILER_GENERATE_SWIFT_ASSET_SYMBOL_EXTENSIONS = YES;
				CLANG_ANALYZER_NONNULL = YES;
				CLANG_ANALYZER_NUMBER_OBJECT_CONVERSION = YES_AGGRESSIVE;
				CLANG_CXX_LANGUAGE_STANDARD = "gnu++20";
				CLANG_ENABLE_MODULES = YES;
				CLANG_ENABLE_OBJC_ARC = YES;
				CLANG_ENABLE_OBJC_WEAK = YES;
				CLANG_WARN_BLOCK_CAPTURE_AUTORELEASING = YES;
				CLANG_WARN_BOOL_CONVERSION = YES;
				CLANG_WARN_COMMA = YES;
				CLANG_WARN_CONSTANT_CONVERSION = YES;
				CLANG_WARN_DEPRECATED_OBJC_IMPLEMENTATIONS = YES;
				CLANG_WARN_DIRECT_OBJC_ISA_USAGE = YES_ERROR;
				CLANG_WARN_DOCUMENTATION_COMMENTS = YES;
				CLANG_WARN_EMPTY_BODY = YES;
				CLANG_WARN_ENUM_CONVERSION = YES;
				CLANG_WARN_INFINITE_RECURSION = YES;
				CLANG_WARN_INT_CONVERSION = YES;
				CLANG_WARN_NON_LITERAL_NULL_CONVERSION = YES;
				CLANG_WARN_OBJC_IMPLICIT_RETAIN_SELF = YES;
				CLANG_WARN_OBJC_LITERAL_CONVERSION = YES;
				CLANG_WARN_OBJC_ROOT_CLASS = YES_ERROR;
				CLANG_WARN_QUOTED_INCLUDE_IN_FRAMEWORK_HEADER = YES;
				CLANG_WARN_RANGE_LOOP_ANALYSIS = YES;
				CLANG_WARN_STRICT_PROTOTYPES = YES;
				CLANG_WARN_SUSPICIOUS_MOVE = YES;
				CLANG_WARN_UNGUARDED_AVAILABILITY = YES_AGGRESSIVE;
				CLANG_WARN_UNREACHABLE_CODE = YES;
				CLANG_WARN__DUPLICATE_METHOD_MATCH = YES;
				COPY_PHASE_STRIP = NO;
				DEBUG_INFORMATION_FORMAT = dwarf;
				ENABLE_STRICT_OBJC_MSGSEND = YES;
				ENABLE_TESTABILITY = YES;
				ENABLE_USER_SCRIPT_SANDBOXING = YES;
				GCC_C_LANGUAGE_STANDARD = gnu17;
				GCC_DYNAMIC_NO_PIC = NO;
				GCC_NO_COMMON_BLOCKS = YES;
				GCC_OPTIMIZATION_LEVEL = 0;
				GCC_PREPROCESSOR_DEFINITIONS = (
					"DEBUG=1",
					"$(inherited)",
				);
				GCC_WARN_64_TO_32_BIT_CONVERSION = YES;
				GCC_WARN_ABOUT_RETURN_TYPE = YES_ERROR;
				GCC_WARN_UNDECLARED_SELECTOR = YES;
				GCC_WARN_UNINITIALIZED_AUTOS = YES_AGGRESSIVE;
				GCC_WARN_UNUSED_FUNCTION = YES;
				GCC_WARN_UNUSED_VARIABLE = YES;
				IPHONEOS_DEPLOYMENT_TARGET = 18.0;
				LOCALIZATION_PREFERS_STRING_CATALOGS = YES;
				MTL_ENABLE_DEBUG_INFO = INCLUDE_SOURCE;
				MTL_FAST_MATH = YES;
				ONLY_ACTIVE_ARCH = YES;
				SDKROOT = iphoneos;
				SWIFT_ACTIVE_COMPILATION_CONDITIONS = "DEBUG $(inherited)";
				SWIFT_OPTIMIZATION_LEVEL = "-Onone";
			};
			name = Debug;
		};
		D4B5EE942E2E7D1C002C9E18 /* Release */ = {
			isa = XCBuildConfiguration;
			buildSettings = {
				ALWAYS_SEARCH_USER_PATHS = NO;
				ASSETCATALOG_COMPILER_GENERATE_SWIFT_ASSET_SYMBOL_EXTENSIONS = YES;
				CLANG_ANALYZER_NONNULL = YES;
				CLANG_ANALYZER_NUMBER_OBJECT_CONVERSION = YES_AGGRESSIVE;
				CLANG_CXX_LANGUAGE_STANDARD = "gnu++20";
				CLANG_ENABLE_MODULES = YES;
				CLANG_ENABLE_OBJC_ARC = YES;
				CLANG_ENABLE_OBJC_WEAK = YES;
				CLANG_WARN_BLOCK_CAPTURE_AUTORELEASING = YES;
				CLANG_WARN_BOOL_CONVERSION = YES;
				CLANG_WARN_COMMA = YES;
				CLANG_WARN_CONSTANT_CONVERSION = YES;
				CLANG_WARN_DEPRECATED_OBJC_IMPLEMENTATIONS = YES;
				CLANG_WARN_DIRECT_OBJC_ISA_USAGE = YES_ERROR;
				CLANG_WARN_DOCUMENTATION_COMMENTS = YES;
				CLANG_WARN_EMPTY_BODY = YES;
				CLANG_WARN_ENUM_CONVERSION = YES;
				CLANG_WARN_INFINITE_RECURSION = YES;
				CLANG_WARN_INT_CONVERSION = YES;
				CLANG_WARN_NON_LITERAL_NULL_CONVERSION = YES;
				CLANG_WARN_OBJC_IMPLICIT_RETAIN_SELF = YES;
				CLANG_WARN_OBJC_LITERAL_CONVERSION = YES;
				CLANG_WARN_OBJC_ROOT_CLASS = YES_ERROR;
				CLANG_WARN_QUOTED_INCLUDE_IN_FRAMEWORK_HEADER = YES;
				CLANG_WARN_RANGE_LOOP_ANALYSIS = YES;
				CLANG_WARN_STRICT_PROTOTYPES = YES;
				CLANG_WARN_SUSPICIOUS_MOVE = YES;
				CLANG_WARN_UNGUARDED_AVAILABILITY = YES_AGGRESSIVE;
				CLANG_WARN_UNREACHABLE_CODE = YES;
				CLANG_WARN__DUPLICATE_METHOD_MATCH = YES;
				COPY_PHASE_STRIP = NO;
				DEBUG_INFORMATION_FORMAT = "dwarf-with-dsym";
				ENABLE_NS_ASSERTIONS = NO;
				ENABLE_STRICT_OBJC_MSGSEND = YES;
				ENABLE_USER_SCRIPT_SANDBOXING = YES;
				GCC_C_LANGUAGE_STANDARD = gnu17;
				GCC_NO_COMMON_BLOCKS = YES;
				GCC_WARN_64_TO_32_BIT_CONVERSION = YES;
				GCC_WARN_ABOUT_RETURN_TYPE = YES_ERROR;
				GCC_WARN_UNDECLARED_SELECTOR = YES;
				GCC_WARN_UNINITIALIZED_AUTOS = YES_AGGRESSIVE;
				GCC_WARN_UNUSED_FUNCTION = YES;
				GCC_WARN_UNUSED_VARIABLE = YES;
				IPHONEOS_DEPLOYMENT_TARGET = 18.0;
				LOCALIZATION_PREFERS_STRING_CATALOGS = YES;
				MTL_ENABLE_DEBUG_INFO = NO;
				MTL_FAST_MATH = YES;
				SDKROOT = iphoneos;
				SWIFT_COMPILATION_MODE = wholemodule;
				VALIDATE_PRODUCT = YES;
			};
			name = Release;
		};
		D4B5EE962E2E7D1C002C9E18 /* Debug */ = {
			isa = XCBuildConfiguration;
			buildSettings = {
				BUNDLE_LOADER = "$(TEST_HOST)";
				CODE_SIGN_STYLE = Automatic;
				CURRENT_PROJECT_VERSION = 1;
				GENERATE_INFOPLIST_FILE = YES;
				IPHONEOS_DEPLOYMENT_TARGET = 18.0;
				MARKETING_VERSION = 1.0;
				PRODUCT_BUNDLE_IDENTIFIER = "com.rnapppushupdate.Inshorts-TaskTests";
				PRODUCT_NAME = "$(TARGET_NAME)";
				SWIFT_EMIT_LOC_STRINGS = NO;
				SWIFT_VERSION = 5.0;
				TARGETED_DEVICE_FAMILY = "1,2";
				TEST_HOST = "$(BUILT_PRODUCTS_DIR)/Inshorts Task.app/$(BUNDLE_EXECUTABLE_FOLDER_PATH)/Inshorts Task";
			};
			name = Debug;
		};
		D4B5EE972E2E7D1C002C9E18 /* Release */ = {
			isa = XCBuildConfiguration;
			buildSettings = {
				BUNDLE_LOADER = "$(TEST_HOST)";
				CODE_SIGN_STYLE = Automatic;
				CURRENT_PROJECT_VERSION = 1;
				GENERATE_INFOPLIST_FILE = YES;
				IPHONEOS_DEPLOYMENT_TARGET = 18.0;
				MARKETING_VERSION = 1.0;
				PRODUCT_BUNDLE_IDENTIFIER = "com.rnapppushupdate.Inshorts-TaskTests";
				PRODUCT_NAME = "$(TARGET_NAME)";
				SWIFT_EMIT_LOC_STRINGS = NO;
				SWIFT_VERSION = 5.0;
				TARGETED_DEVICE_FAMILY = "1,2";
				TEST_HOST = "$(BUILT_PRODUCTS_DIR)/Inshorts Task.app/$(BUNDLE_EXECUTABLE_FOLDER_PATH)/Inshorts Task";
			};
			name = Release;
		};
		D4B5EE992E2E7D1C002C9E18 /* Debug */ = {
			isa = XCBuildConfiguration;
			buildSettings = {
				CODE_SIGN_STYLE = Automatic;
				CURRENT_PROJECT_VERSION = 1;
				GENERATE_INFOPLIST_FILE = YES;
				MARKETING_VERSION = 1.0;
				PRODUCT_BUNDLE_IDENTIFIER = "com.rnapppushupdate.Inshorts-TaskUITests";
				PRODUCT_NAME = "$(TARGET_NAME)";
				SWIFT_EMIT_LOC_STRINGS = NO;
				SWIFT_VERSION = 5.0;
				TARGETED_DEVICE_FAMILY = "1,2";
				TEST_TARGET_NAME = "Inshorts Task";
			};
			name = Debug;
		};
		D4B5EE9A2E2E7D1C002C9E18 /* Release */ = {
			isa = XCBuildConfiguration;
			buildSettings = {
				CODE_SIGN_STYLE = Automatic;
				CURRENT_PROJECT_VERSION = 1;
				GENERATE_INFOPLIST_FILE = YES;
				MARKETING_VERSION = 1.0;
				PRODUCT_BUNDLE_IDENTIFIER = "com.rnapppushupdate.Inshorts-TaskUITests";
				PRODUCT_NAME = "$(TARGET_NAME)";
				SWIFT_EMIT_LOC_STRINGS = NO;
				SWIFT_VERSION = 5.0;
				TARGETED_DEVICE_FAMILY = "1,2";
				TEST_TARGET_NAME = "Inshorts Task";
			};
			name = Release;
		};
/* End XCBuildConfiguration section */

/* Begin XCConfigurationList section */
		D4B5EE622E2E7D1B002C9E18 /* Build configuration list for PBXProject "Inshorts Task" */ = {
			isa = XCConfigurationList;
			buildConfigurations = (
				D4B5EE932E2E7D1C002C9E18 /* Debug */,
				D4B5EE942E2E7D1C002C9E18 /* Release */,
			);
			defaultConfigurationIsVisible = 0;
			defaultConfigurationName = Release;
		};
		D4B5EE902E2E7D1C002C9E18 /* Build configuration list for PBXNativeTarget "Inshorts Task" */ = {
			isa = XCConfigurationList;
			buildConfigurations = (
				D4B5EE912E2E7D1C002C9E18 /* Debug */,
				D4B5EE922E2E7D1C002C9E18 /* Release */,
			);
			defaultConfigurationIsVisible = 0;
			defaultConfigurationName = Release;
		};
		D4B5EE952E2E7D1C002C9E18 /* Build configuration list for PBXNativeTarget "Inshorts TaskTests" */ = {
			isa = XCConfigurationList;
			buildConfigurations = (
				D4B5EE962E2E7D1C002C9E18 /* Debug */,
				D4B5EE972E2E7D1C002C9E18 /* Release */,
			);
			defaultConfigurationIsVisible = 0;
			defaultConfigurationName = Release;
		};
		D4B5EE982E2E7D1C002C9E18 /* Build configuration list for PBXNativeTarget "Inshorts TaskUITests" */ = {
			isa = XCConfigurationList;
			buildConfigurations = (
				D4B5EE992E2E7D1C002C9E18 /* Debug */,
				D4B5EE9A2E2E7D1C002C9E18 /* Release */,
			);
			defaultConfigurationIsVisible = 0;
			defaultConfigurationName = Release;
		};
/* End XCConfigurationList section */
	};
	rootObject = D4B5EE5F2E2E7D1B002C9E18 /* Project object */;
}
